
Microsoft Visual Studio Solution File, Format Version 12.00
# Visual Studio Version 17
VisualStudioVersion = 17.3.32929.385
MinimumVisualStudioVersion = 10.0.40219.1
Project("{FAE04EC0-301F-11D3-BF4B-00C04F79EFBC}") = "FuncionariosCompanhia", "FuncionariosCompanhia\FuncionariosCompanhia.csproj", "{FDC4B0D3-0507-46D7-ABAC-1793BF4C0939}"
EndProject
Global
	GlobalSection(SolutionConfigurationPlatforms) = preSolution
		Debug|Any CPU = Debug|Any CPU
		Release|Any CPU = Release|Any CPU
	EndGlobalSection
	GlobalSection(ProjectConfigurationPlatforms) = postSolution
		{FDC4B0D3-0507-46D7-ABAC-1793BF4C0939}.Debug|Any CPU.ActiveCfg = Debug|Any CPU
		{FDC4B0D3-0507-46D7-ABAC-1793BF4C0939}.Debug|Any CPU.Build.0 = Debug|Any CPU
		{FDC4B0D3-0507-46D7-ABAC-1793BF4C0939}.Release|Any CPU.ActiveCfg = Release|Any CPU
		{FDC4B0D3-0507-46D7-ABAC-1793BF4C0939}.Release|Any CPU.Build.0 = Release|Any CPU
	EndGlobalSection
	GlobalSection(SolutionProperties) = preSolution
		HideSolutionNode = FALSE
	EndGlobalSection
	GlobalSection(ExtensibilityGlobals) = postSolution
		SolutionGuid = {20EA913F-8F12-46F8-B822-B7DE25E3E156}
	EndGlobalSection
EndGlobal
